
Microsoft Visual Studio Solution File, Format Version 12.00
# Visual Studio Version 17
VisualStudioVersion = 17.13.35828.75
MinimumVisualStudioVersion = 10.0.40219.1
Project("{FAE04EC0-301F-11D3-BF4B-00C04F79EFBC}") = "MissingNumberFinder", "MissingNumberFinder.csproj", "{F25F4B55-15A9-462B-8FE8-A9957C20B7BC}"
EndProject
Project("{FAE04EC0-301F-11D3-BF4B-00C04F79EFBC}") = "UnitTests", "..\UnitTests\UnitTests\UnitTests.csproj", "{6E7111A4-BBD5-42D6-916D-26AB703CE42A}"
EndProject
Global
	GlobalSection(SolutionConfigurationPlatforms) = preSolution
		Debug|Any CPU = Debug|Any CPU
		Release|Any CPU = Release|Any CPU
	EndGlobalSection
	GlobalSection(ProjectConfigurationPlatforms) = postSolution
		{F25F4B55-15A9-462B-8FE8-A9957C20B7BC}.Debug|Any CPU.ActiveCfg = Debug|Any CPU
		{F25F4B55-15A9-462B-8FE8-A9957C20B7BC}.Debug|Any CPU.Build.0 = Debug|Any CPU
		{F25F4B55-15A9-462B-8FE8-A9957C20B7BC}.Release|Any CPU.ActiveCfg = Release|Any CPU
		{F25F4B55-15A9-462B-8FE8-A9957C20B7BC}.Release|Any CPU.Build.0 = Release|Any CPU
		{6E7111A4-BBD5-42D6-916D-26AB703CE42A}.Debug|Any CPU.ActiveCfg = Debug|Any CPU
		{6E7111A4-BBD5-42D6-916D-26AB703CE42A}.Debug|Any CPU.Build.0 = Debug|Any CPU
		{6E7111A4-BBD5-42D6-916D-26AB703CE42A}.Release|Any CPU.ActiveCfg = Release|Any CPU
		{6E7111A4-BBD5-42D6-916D-26AB703CE42A}.Release|Any CPU.Build.0 = Release|Any CPU
	EndGlobalSection
	GlobalSection(SolutionProperties) = preSolution
		HideSolutionNode = FALSE
	EndGlobalSection
	GlobalSection(ExtensibilityGlobals) = postSolution
		SolutionGuid = {E5770D44-3BCD-431B-9CC0-8BC89AC05AE7}
	EndGlobalSection
EndGlobal
